
Microsoft Visual Studio Solution File, Format Version 12.00
# Visual Studio Version 17
VisualStudioVersion = 17.0.31903.59
MinimumVisualStudioVersion = 10.0.40219.1
Project("{FAE04EC0-301F-11D3-BF4B-00C04F79EFBC}") = "API", "API\API.csproj", "{E7B718EC-F8BD-4EA9-A7A3-E5F44FC7F5D0}"
EndProject
Project("{FAE04EC0-301F-11D3-BF4B-00C04F79EFBC}") = "Infrastructure", "Infrastructure\Infrastructure.csproj", "{FA049FDC-32DE-4FF9-8323-BE9B9E18DA1C}"
EndProject
Project("{FAE04EC0-301F-11D3-BF4B-00C04F79EFBC}") = "Core", "Core\Core.csproj", "{77435E05-2C8A-44A9-BABE-7F01D1A12828}"
EndProject
Global
	GlobalSection(SolutionConfigurationPlatforms) = preSolution
		Debug|Any CPU = Debug|Any CPU
		Release|Any CPU = Release|Any CPU
	EndGlobalSection
	GlobalSection(SolutionProperties) = preSolution
		HideSolutionNode = FALSE
	EndGlobalSection
	GlobalSection(ProjectConfigurationPlatforms) = postSolution
		{E7B718EC-F8BD-4EA9-A7A3-E5F44FC7F5D0}.Debug|Any CPU.ActiveCfg = Debug|Any CPU
		{E7B718EC-F8BD-4EA9-A7A3-E5F44FC7F5D0}.Debug|Any CPU.Build.0 = Debug|Any CPU
		{E7B718EC-F8BD-4EA9-A7A3-E5F44FC7F5D0}.Release|Any CPU.ActiveCfg = Release|Any CPU
		{E7B718EC-F8BD-4EA9-A7A3-E5F44FC7F5D0}.Release|Any CPU.Build.0 = Release|Any CPU
		{FA049FDC-32DE-4FF9-8323-BE9B9E18DA1C}.Debug|Any CPU.ActiveCfg = Debug|Any CPU
		{FA049FDC-32DE-4FF9-8323-BE9B9E18DA1C}.Debug|Any CPU.Build.0 = Debug|Any CPU
		{FA049FDC-32DE-4FF9-8323-BE9B9E18DA1C}.Release|Any CPU.ActiveCfg = Release|Any CPU
		{FA049FDC-32DE-4FF9-8323-BE9B9E18DA1C}.Release|Any CPU.Build.0 = Release|Any CPU
		{77435E05-2C8A-44A9-BABE-7F01D1A12828}.Debug|Any CPU.ActiveCfg = Debug|Any CPU
		{77435E05-2C8A-44A9-BABE-7F01D1A12828}.Debug|Any CPU.Build.0 = Debug|Any CPU
		{77435E05-2C8A-44A9-BABE-7F01D1A12828}.Release|Any CPU.ActiveCfg = Release|Any CPU
		{77435E05-2C8A-44A9-BABE-7F01D1A12828}.Release|Any CPU.Build.0 = Release|Any CPU
	EndGlobalSection
EndGlobal
